
Microsoft Visual Studio Solution File, Format Version 12.00
# Visual Studio Version 17
VisualStudioVersion = 17.14.37710.0 d17.14
MinimumVisualStudioVersion = 10.0.40219.1
Project("{FAE04EC0-301F-11D3-BF4B-00C04F79EFBC}") = "Tarea_1_Ericka_Morales", "Tarea_1_Ericka_Morales.csproj", "{ED8A2A7D-D386-4C30-98D9-D041955B8758}"
EndProject
Global
	GlobalSection(SolutionConfigurationPlatforms) = preSolution
		Debug|Any CPU = Debug|Any CPU
		Release|Any CPU = Release|Any CPU
	EndGlobalSection
	GlobalSection(ProjectConfigurationPlatforms) = postSolution
		{ED8A2A7D-D386-4C30-98D9-D041955B8758}.Debug|Any CPU.ActiveCfg = Debug|Any CPU
		{ED8A2A7D-D386-4C30-98D9-D041955B8758}.Debug|Any CPU.Build.0 = Debug|Any CPU
		{ED8A2A7D-D386-4C30-98D9-D041955B8758}.Release|Any CPU.ActiveCfg = Release|Any CPU
		{ED8A2A7D-D386-4C30-98D9-D041955B8758}.Release|Any CPU.Build.0 = Release|Any CPU
	EndGlobalSection
	GlobalSection(SolutionProperties) = preSolution
		HideSolutionNode = FALSE
	EndGlobalSection
	GlobalSection(ExtensibilityGlobals) = postSolution
		SolutionGuid = {22A76E9C-40B5-4CEC-8EDC-48AAC0ACAD3C}
	EndGlobalSection
EndGlobal
